// !$*UTF8*$!
{
	archiveVersion = 1;
	classes = {
	};
	objectVersion = 56;
	objects = {

/* Begin PBXBuildFile section */
		84D6133A296F286A007865BF /* AppDelegate.swift in Sources */ = {isa = PBXBuildFile; fileRef = 84D61339296F286A007865BF /* AppDelegate.swift */; };
		84D6133C296F286A007865BF /* SceneDelegate.swift in Sources */ = {isa = PBXBuildFile; fileRef = 84D6133B296F286A007865BF /* SceneDelegate.swift */; };
		84D6133E296F286A007865BF /* ViewController.swift in Sources */ = {isa = PBXBuildFile; fileRef = 84D6133D296F286A007865BF /* ViewController.swift */; };
		84D61341296F286A007865BF /* Main.storyboard in Resources */ = {isa = PBXBuildFile; fileRef = 84D6133F296F286A007865BF /* Main.storyboard */; };
		84D61343296F286E007865BF /* Assets.xcassets in Resources */ = {isa = PBXBuildFile; fileRef = 84D61342296F286E007865BF /* Assets.xcassets */; };
		84D61346296F286E007865BF /* LaunchScreen.storyboard in Resources */ = {isa = PBXBuildFile; fileRef = 84D61344296F286E007865BF /* LaunchScreen.storyboard */; };
		84D6134E296F2A06007865BF /* GoogleService-Info.plist in Resources */ = {isa = PBXBuildFile; fileRef = 84D6134D296F2A06007865BF /* GoogleService-Info.plist */; };
		EC15C48763B4343DE3CA3461 /* Pods_FirestoreCrudOperationDemo.framework in Frameworks */ = {isa = PBXBuildFile; fileRef = F8E75A4947C89046ED2AE245 /* Pods_FirestoreCrudOperationDemo.framework */; };
/* End PBXBuildFile section */

/* Begin PBXFileReference section */
		84D61336296F286A007865BF /* FirestoreCrudOperationDemo.app */ = {isa = PBXFileReference; explicitFileType = wrapper.application; includeInIndex = 0; path = FirestoreCrudOperationDemo.app; sourceTree = BUILT_PRODUCTS_DIR; };
		84D61339296F286A007865BF /* AppDelegate.swift */ = {isa = PBXFileReference; lastKnownFileType = sourcecode.swift; path = AppDelegate.swift; sourceTree = "<group>"; };
		84D6133B296F286A007865BF /* SceneDelegate.swift */ = {isa = PBXFileReference; lastKnownFileType = sourcecode.swift; path = SceneDelegate.swift; sourceTree = "<group>"; };
		84D6133D296F286A007865BF /* ViewController.swift */ = {isa = PBXFileReference; lastKnownFileType = sourcecode.swift; path = ViewController.swift; sourceTree = "<group>"; };
		84D61340296F286A007865BF /* Base */ = {isa = PBXFileReference; lastKnownFileType = file.storyboard; name = Base; path = Base.lproj/Main.storyboard; sourceTree = "<group>"; };
		84D61342296F286E007865BF /* Assets.xcassets */ = {isa = PBXFileReference; lastKnownFileType = folder.assetcatalog; path = Assets.xcassets; sourceTree = "<group>"; };
		84D61345296F286E007865BF /* Base */ = {isa = PBXFileReference; lastKnownFileType = file.storyboard; name = Base; path = Base.lproj/LaunchScreen.storyboard; sourceTree = "<group>"; };
		84D61347296F286E007865BF /* Info.plist */ = {isa = PBXFileReference; lastKnownFileType = text.plist.xml; path = Info.plist; sourceTree = "<group>"; };
		84D6134D296F2A06007865BF /* GoogleService-Info.plist */ = {isa = PBXFileReference; fileEncoding = 4; lastKnownFileType = text.plist.xml; path = "GoogleService-Info.plist"; sourceTree = "<group>"; };
		970BF86B0069C913B255DFC7 /* Pods-FirestoreCrudOperationDemo.release.xcconfig */ = {isa = PBXFileReference; includeInIndex = 1; lastKnownFileType = text.xcconfig; name = "Pods-FirestoreCrudOperationDemo.release.xcconfig"; path = "Target Support Files/Pods-FirestoreCrudOperationDemo/Pods-FirestoreCrudOperationDemo.release.xcconfig"; sourceTree = "<group>"; };
		CE3C30B5A32DB37DFC674EEF /* Pods-FirestoreCrudOperationDemo.debug.xcconfig */ = {isa = PBXFileReference; includeInIndex = 1; lastKnownFileType = text.xcconfig; name = "Pods-FirestoreCrudOperationDemo.debug.xcconfig"; path = "Target Support Files/Pods-FirestoreCrudOperationDemo/Pods-FirestoreCrudOperationDemo.debug.xcconfig"; sourceTree = "<group>"; };
		F8E75A4947C89046ED2AE245 /* Pods_FirestoreCrudOperationDemo.framework */ = {isa = PBXFileReference; explicitFileType = wrapper.framework; includeInIndex = 0; path = Pods_FirestoreCrudOperationDemo.framework; sourceTree = BUILT_PRODUCTS_DIR; };
/* End PBXFileReference section */

/* Begin PBXFrameworksBuildPhase section */
		84D61333296F286A007865BF /* Frameworks */ = {
			isa = PBXFrameworksBuildPhase;
			buildActionMask = 2147483647;
			files = (
				EC15C48763B4343DE3CA3461 /* Pods_FirestoreCrudOperationDemo.framework in Frameworks */,
			);
			runOnlyForDeploymentPostprocessing = 0;
		};
/* End PBXFrameworksBuildPhase section */

/* Begin PBXGroup section */
		51719D0DB257F3F160737DBC /* Pods */ = {
			isa = PBXGroup;
			children = (
				CE3C30B5A32DB37DFC674EEF /* Pods-FirestoreCrudOperationDemo.debug.xcconfig */,
				970BF86B0069C913B255DFC7 /* Pods-FirestoreCrudOperationDemo.release.xcconfig */,
			);
			name = Pods;
			path = Pods;
			sourceTree = "<group>";
		};
		84D6132D296F286A007865BF = {
			isa = PBXGroup;
			children = (
				84D61338296F286A007865BF /* FirestoreCrudOperationDemo */,
				84D61337296F286A007865BF /* Products */,
				51719D0DB257F3F160737DBC /* Pods */,
				A98E9AD07C06C03C86B805A1 /* Frameworks */,
			);
			sourceTree = "<group>";
		};
		84D61337296F286A007865BF /* Products */ = {
			isa = PBXGroup;
			children = (
				84D61336296F286A007865BF /* FirestoreCrudOperationDemo.app */,
			);
			name = Products;
			sourceTree = "<group>";
		};
		84D61338296F286A007865BF /* FirestoreCrudOperationDemo */ = {
			isa = PBXGroup;
			children = (
				84D61339296F286A007865BF /* AppDelegate.swift */,
				84D6133B296F286A007865BF /* SceneDelegate.swift */,
				84D6133D296F286A007865BF /* ViewController.swift */,
				84D6133F296F286A007865BF /* Main.storyboard */,
				84D61342296F286E007865BF /* Assets.xcassets */,
				84D61344296F286E007865BF /* LaunchScreen.storyboard */,
				84D61347296F286E007865BF /* Info.plist */,
				84D6134D296F2A06007865BF /* GoogleService-Info.plist */,
			);
			path = FirestoreCrudOperationDemo;
			sourceTree = "<group>";
		};
		A98E9AD07C06C03C86B805A1 /* Frameworks */ = {
			isa = PBXGroup;
			children = (
				F8E75A4947C89046ED2AE245 /* Pods_FirestoreCrudOperationDemo.framework */,
			);
			name = Frameworks;
			sourceTree = "<group>";
		};
/* End PBXGroup section */

/* Begin PBXNativeTarget section */
		84D61335296F286A007865BF /* FirestoreCrudOperationDemo */ = {
			isa = PBXNativeTarget;
			buildConfigurationList = 84D6134A296F286E007865BF /* Build configuration list for PBXNativeTarget "FirestoreCrudOperationDemo" */;
			buildPhases = (
				340978F14B50E7D0D521B9EB /* [CP] Check Pods Manifest.lock */,
				84D61332296F286A007865BF /* Sources */,
				84D61333296F286A007865BF /* Frameworks */,
				84D61334296F286A007865BF /* Resources */,
				D3B2236CC792F59CDBC94F81 /* [CP] Embed Pods Frameworks */,
			);
			buildRules = (
			);
			dependencies = (
			);
			name = FirestoreCrudOperationDemo;
			productName = FirestoreCrudOperationDemo;
			productReference = 84D61336296F286A007865BF /* FirestoreCrudOperationDemo.app */;
			productType = "com.apple.product-type.application";
		};
/* End PBXNativeTarget section */

/* Begin PBXProject section */
		84D6132E296F286A007865BF /* Project object */ = {
			isa = PBXProject;
			attributes = {
				BuildIndependentTargetsInParallel = 1;
				LastSwiftUpdateCheck = 1410;
				LastUpgradeCheck = 1410;
				TargetAttributes = {
					84D61335296F286A007865BF = {
						CreatedOnToolsVersion = 14.1;
					};
				};
			};
			buildConfigurationList = 84D61331296F286A007865BF /* Build configuration list for PBXProject "FirestoreCrudOperationDemo" */;
			compatibilityVersion = "Xcode 14.0";
			developmentRegion = en;
			hasScannedForEncodings = 0;
			knownRegions = (
				en,
				Base,
			);
			mainGroup = 84D6132D296F286A007865BF;
			productRefGroup = 84D61337296F286A007865BF /* Products */;
			projectDirPath = "";
			projectRoot = "";
			targets = (
				84D61335296F286A007865BF /* FirestoreCrudOperationDemo */,
			);
		};
/* End PBXProject section */

/* Begin PBXResourcesBuildPhase section */
		84D61334296F286A007865BF /* Resources */ = {
			isa = PBXResourcesBuildPhase;
			buildActionMask = 2147483647;
			files = (
				84D61346296F286E007865BF /* LaunchScreen.storyboard in Resources */,
				84D6134E296F2A06007865BF /* GoogleService-Info.plist in Resources */,
				84D61343296F286E007865BF /* Assets.xcassets in Resources */,
				84D61341296F286A007865BF /* Main.storyboard in Resources */,
			);
			runOnlyForDeploymentPostprocessing = 0;
		};
/* End PBXResourcesBuildPhase section */

/* Begin PBXShellScriptBuildPhase section */
		340978F14B50E7D0D521B9EB /* [CP] Check Pods Manifest.lock */ = {
			isa = PBXShellScriptBuildPhase;
			buildActionMask = 2147483647;
			files = (
			);
			inputFileListPaths = (
			);
			inputPaths = (
				"${PODS_PODFILE_DIR_PATH}/Podfile.lock",
				"${PODS_ROOT}/Manifest.lock",
			);
			name = "[CP] Check Pods Manifest.lock";
			outputFileListPaths = (
			);
			outputPaths = (
				"$(DERIVED_FILE_DIR)/Pods-FirestoreCrudOperationDemo-checkManifestLockResult.txt",
			);
			runOnlyForDeploymentPostprocessing = 0;
			shellPath = /bin/sh;
			shellScript = "diff \"${PODS_PODFILE_DIR_PATH}/Podfile.lock\" \"${PODS_ROOT}/Manifest.lock\" > /dev/null\nif [ $? != 0 ] ; then\n    # print error to STDERR\n    echo \"error: The sandbox is not in sync with the Podfile.lock. Run 'pod install' or update your CocoaPods installation.\" >&2\n    exit 1\nfi\n# This output is used by Xcode 'outputs' to avoid re-running this script phase.\necho \"SUCCESS\" > \"${SCRIPT_OUTPUT_FILE_0}\"\n";
			showEnvVarsInLog = 0;
		};
		D3B2236CC792F59CDBC94F81 /* [CP] Embed Pods Frameworks */ = {
			isa = PBXShellScriptBuildPhase;
			buildActionMask = 2147483647;
			files = (
			);
			inputFileListPaths = (
				"${PODS_ROOT}/Target Support Files/Pods-FirestoreCrudOperationDemo/Pods-FirestoreCrudOperationDemo-frameworks-${CONFIGURATION}-input-files.xcfilelist",
			);
			name = "[CP] Embed Pods Frameworks";
			outputFileListPaths = (
				"${PODS_ROOT}/Target Support Files/Pods-FirestoreCrudOperationDemo/Pods-FirestoreCrudOperationDemo-frameworks-${CONFIGURATION}-output-files.xcfilelist",
			);
			runOnlyForDeploymentPostprocessing = 0;
			shellPath = /bin/sh;
			shellScript = "\"${PODS_ROOT}/Target Support Files/Pods-FirestoreCrudOperationDemo/Pods-FirestoreCrudOperationDemo-frameworks.sh\"\n";
			showEnvVarsInLog = 0;
		};
/* End PBXShellScriptBuildPhase section */

/* Begin PBXSourcesBuildPhase section */
		84D61332296F286A007865BF /* Sources */ = {
			isa = PBXSourcesBuildPhase;
			buildActionMask = 2147483647;
			files = (
				84D6133E296F286A007865BF /* ViewController.swift in Sources */,
				84D6133A296F286A007865BF /* AppDelegate.swift in Sources */,
				84D6133C296F286A007865BF /* SceneDelegate.swift in Sources */,
			);
			runOnlyForDeploymentPostprocessing = 0;
		};
/* End PBXSourcesBuildPhase section */

/* Begin PBXVariantGroup section */
		84D6133F296F286A007865BF /* Main.storyboard */ = {
			isa = PBXVariantGroup;
			children = (
				84D61340296F286A007865BF /* Base */,
			);
			name = Main.storyboard;
			sourceTree = "<group>";
		};
		84D61344296F286E007865BF /* LaunchScreen.storyboard */ = {
			isa = PBXVariantGroup;
			children = (
				84D61345296F286E007865BF /* Base */,
			);
			name = LaunchScreen.storyboard;
			sourceTree = "<group>";
		};
/* End PBXVariantGroup section */

/* Begin XCBuildConfiguration section */
		84D61348296F286E007865BF /* Debug */ = {
			isa = XCBuildConfiguration;
			buildSettings = {
				ALWAYS_SEARCH_USER_PATHS = NO;
				CLANG_ANALYZER_NONNULL = YES;
				CLANG_ANALYZER_NUMBER_OBJECT_CONVERSION = YES_AGGRESSIVE;
				CLANG_CXX_LANGUAGE_STANDARD = "gnu++20";
				CLANG_ENABLE_MODULES = YES;
				CLANG_ENABLE_OBJC_ARC = YES;
				CLANG_ENABLE_OBJC_WEAK = YES;
				CLANG_WARN_BLOCK_CAPTURE_AUTORELEASING = YES;
				CLANG_WARN_BOOL_CONVERSION = YES;
				CLANG_WARN_COMMA = YES;
				CLANG_WARN_CONSTANT_CONVERSION = YES;
				CLANG_WARN_DEPRECATED_OBJC_IMPLEMENTATIONS = YES;
				CLANG_WARN_DIRECT_OBJC_ISA_USAGE = YES_ERROR;
				CLANG_WARN_DOCUMENTATION_COMMENTS = YES;
				CLANG_WARN_EMPTY_BODY = YES;
				CLANG_WARN_ENUM_CONVERSION = YES;
				CLANG_WARN_INFINITE_RECURSION = YES;
				CLANG_WARN_INT_CONVERSION = YES;
				CLANG_WARN_NON_LITERAL_NULL_CONVERSION = YES;
				CLANG_WARN_OBJC_IMPLICIT_RETAIN_SELF = YES;
				CLANG_WARN_OBJC_LITERAL_CONVERSION = YES;
				CLANG_WARN_OBJC_ROOT_CLASS = YES_ERROR;
				CLANG_WARN_QUOTED_INCLUDE_IN_FRAMEWORK_HEADER = YES;
				CLANG_WARN_RANGE_LOOP_ANALYSIS = YES;
				CLANG_WARN_STRICT_PROTOTYPES = YES;
				CLANG_WARN_SUSPICIOUS_MOVE = YES;
				CLANG_WARN_UNGUARDED_AVAILABILITY = YES_AGGRESSIVE;
				CLANG_WARN_UNREACHABLE_CODE = YES;
				CLANG_WARN__DUPLICATE_METHOD_MATCH = YES;
				COPY_PHASE_STRIP = NO;
				DEBUG_INFORMATION_FORMAT = dwarf;
				ENABLE_STRICT_OBJC_MSGSEND = YES;
				ENABLE_TESTABILITY = YES;
				GCC_C_LANGUAGE_STANDARD = gnu11;
				GCC_DYNAMIC_NO_PIC = NO;
				GCC_NO_COMMON_BLOCKS = YES;
				GCC_OPTIMIZATION_LEVEL = 0;
				GCC_PREPROCESSOR_DEFINITIONS = (
					"DEBUG=1",
					"$(inherited)",
				);
				GCC_WARN_64_TO_32_BIT_CONVERSION = YES;
				GCC_WARN_ABOUT_RETURN_TYPE = YES_ERROR;
				GCC_WARN_UNDECLARED_SELECTOR = YES;
				GCC_WARN_UNINITIALIZED_AUTOS = YES_AGGRESSIVE;
				GCC_WARN_UNUSED_FUNCTION = YES;
				GCC_WARN_UNUSED_VARIABLE = YES;
				IPHONEOS_DEPLOYMENT_TARGET = 16.1;
				MTL_ENABLE_DEBUG_INFO = INCLUDE_SOURCE;
				MTL_FAST_MATH = YES;
				ONLY_ACTIVE_ARCH = YES;
				SDKROOT = iphoneos;
				SWIFT_ACTIVE_COMPILATION_CONDITIONS = DEBUG;
				SWIFT_OPTIMIZATION_LEVEL = "-Onone";
			};
			name = Debug;
		};
		84D61349296F286E007865BF /* Release */ = {
			isa = XCBuildConfiguration;
			buildSettings = {
				ALWAYS_SEARCH_USER_PATHS = NO;
				CLANG_ANALYZER_NONNULL = YES;
				CLANG_ANALYZER_NUMBER_OBJECT_CONVERSION = YES_AGGRESSIVE;
				CLANG_CXX_LANGUAGE_STANDARD = "gnu++20";
				CLANG_ENABLE_MODULES = YES;
				CLANG_ENABLE_OBJC_ARC = YES;
				CLANG_ENABLE_OBJC_WEAK = YES;
				CLANG_WARN_BLOCK_CAPTURE_AUTORELEASING = YES;
				CLANG_WARN_BOOL_CONVERSION = YES;
				CLANG_WARN_COMMA = YES;
				CLANG_WARN_CONSTANT_CONVERSION = YES;
				CLANG_WARN_DEPRECATED_OBJC_IMPLEMENTATIONS = YES;
				CLANG_WARN_DIRECT_OBJC_ISA_USAGE = YES_ERROR;
				CLANG_WARN_DOCUMENTATION_COMMENTS = YES;
				CLANG_WARN_EMPTY_BODY = YES;
				CLANG_WARN_ENUM_CONVERSION = YES;
				CLANG_WARN_INFINITE_RECURSION = YES;
				CLANG_WARN_INT_CONVERSION = YES;
				CLANG_WARN_NON_LITERAL_NULL_CONVERSION = YES;
				CLANG_WARN_OBJC_IMPLICIT_RETAIN_SELF = YES;
				CLANG_WARN_OBJC_LITERAL_CONVERSION = YES;
				CLANG_WARN_OBJC_ROOT_CLASS = YES_ERROR;
				CLANG_WARN_QUOTED_INCLUDE_IN_FRAMEWORK_HEADER = YES;
				CLANG_WARN_RANGE_LOOP_ANALYSIS = YES;
				CLANG_WARN_STRICT_PROTOTYPES = YES;
				CLANG_WARN_SUSPICIOUS_MOVE = YES;
				CLANG_WARN_UNGUARDED_AVAILABILITY = YES_AGGRESSIVE;
				CLANG_WARN_UNREACHABLE_CODE = YES;
				CLANG_WARN__DUPLICATE_METHOD_MATCH = YES;
				COPY_PHASE_STRIP = NO;
				DEBUG_INFORMATION_FORMAT = "dwarf-with-dsym";
				ENABLE_NS_ASSERTIONS = NO;
				ENABLE_STRICT_OBJC_MSGSEND = YES;
				GCC_C_LANGUAGE_STANDARD = gnu11;
				GCC_NO_COMMON_BLOCKS = YES;
				GCC_WARN_64_TO_32_BIT_CONVERSION = YES;
				GCC_WARN_ABOUT_RETURN_TYPE = YES_ERROR;
				GCC_WARN_UNDECLARED_SELECTOR = YES;
				GCC_WARN_UNINITIALIZED_AUTOS = YES_AGGRESSIVE;
				GCC_WARN_UNUSED_FUNCTION = YES;
				GCC_WARN_UNUSED_VARIABLE = YES;
				IPHONEOS_DEPLOYMENT_TARGET = 16.1;
				MTL_ENABLE_DEBUG_INFO = NO;
				MTL_FAST_MATH = YES;
				SDKROOT = iphoneos;
				SWIFT_COMPILATION_MODE = wholemodule;
				SWIFT_OPTIMIZATION_LEVEL = "-O";
				VALIDATE_PRODUCT = YES;
			};
			name = Release;
		};
		84D6134B296F286E007865BF /* Debug */ = {
			isa = XCBuildConfiguration;
			baseConfigurationReference = CE3C30B5A32DB37DFC674EEF /* Pods-FirestoreCrudOperationDemo.debug.xcconfig */;
			buildSettings = {
				ASSETCATALOG_COMPILER_APPICON_NAME = AppIcon;
				ASSETCATALOG_COMPILER_GLOBAL_ACCENT_COLOR_NAME = AccentColor;
				CODE_SIGN_STYLE = Automatic;
				CURRENT_PROJECT_VERSION = 1;
				GENERATE_INFOPLIST_FILE = YES;
				INFOPLIST_FILE = FirestoreCrudOperationDemo/Info.plist;
				INFOPLIST_KEY_UIApplicationSupportsIndirectInputEvents = YES;
				INFOPLIST_KEY_UILaunchStoryboardName = LaunchScreen;
				INFOPLIST_KEY_UIMainStoryboardFile = Main;
				INFOPLIST_KEY_UISupportedInterfaceOrientations_iPad = "UIInterfaceOrientationPortrait UIInterfaceOrientationPortraitUpsideDown UIInterfaceOrientationLandscapeLeft UIInterfaceOrientationLandscapeRight";
				INFOPLIST_KEY_UISupportedInterfaceOrientations_iPhone = "UIInterfaceOrientationPortrait UIInterfaceOrientationLandscapeLeft UIInterfaceOrientationLandscapeRight";
				LD_RUNPATH_SEARCH_PATHS = (
					"$(inherited)",
					"@executable_path/Frameworks",
				);
				MARKETING_VERSION = 1.0;
				PRODUCT_BUNDLE_IDENTIFIER = com.demo.FirestoreCrudOperationDemo;
				PRODUCT_NAME = "$(TARGET_NAME)";
				SWIFT_EMIT_LOC_STRINGS = YES;
				SWIFT_VERSION = 5.0;
				TARGETED_DEVICE_FAMILY = "1,2";
			};
			name = Debug;
		};
		84D6134C296F286E007865BF /* Release */ = {
			isa = XCBuildConfiguration;
			baseConfigurationReference = 970BF86B0069C913B255DFC7 /* Pods-FirestoreCrudOperationDemo.release.xcconfig */;
			buildSettings = {
				ASSETCATALOG_COMPILER_APPICON_NAME = AppIcon;
				ASSETCATALOG_COMPILER_GLOBAL_ACCENT_COLOR_NAME = AccentColor;
				CODE_SIGN_STYLE = Automatic;
				CURRENT_PROJECT_VERSION = 1;
				GENERATE_INFOPLIST_FILE = YES;
				INFOPLIST_FILE = FirestoreCrudOperationDemo/Info.plist;
				INFOPLIST_KEY_UIApplicationSupportsIndirectInputEvents = YES;
				INFOPLIST_KEY_UILaunchStoryboardName = LaunchScreen;
				INFOPLIST_KEY_UIMainStoryboardFile = Main;
				INFOPLIST_KEY_UISupportedInterfaceOrientations_iPad = "UIInterfaceOrientationPortrait UIInterfaceOrientationPortraitUpsideDown UIInterfaceOrientationLandscapeLeft UIInterfaceOrientationLandscapeRight";
				INFOPLIST_KEY_UISupportedInterfaceOrientations_iPhone = "UIInterfaceOrientationPortrait UIInterfaceOrientationLandscapeLeft UIInterfaceOrientationLandscapeRight";
				LD_RUNPATH_SEARCH_PATHS = (
					"$(inherited)",
					"@executable_path/Frameworks",
				);
				MARKETING_VERSION = 1.0;
				PRODUCT_BUNDLE_IDENTIFIER = com.demo.FirestoreCrudOperationDemo;
				PRODUCT_NAME = "$(TARGET_NAME)";
				SWIFT_EMIT_LOC_STRINGS = YES;
				SWIFT_VERSION = 5.0;
				TARGETED_DEVICE_FAMILY = "1,2";
			};
			name = Release;
		};
/* End XCBuildConfiguration section */

/* Begin XCConfigurationList section */
		84D61331296F286A007865BF /* Build configuration list for PBXProject "FirestoreCrudOperationDemo" */ = {
			isa = XCConfigurationList;
			buildConfigurations = (
				84D61348296F286E007865BF /* Debug */,
				84D61349296F286E007865BF /* Release */,
			);
			defaultConfigurationIsVisible = 0;
			defaultConfigurationName = Release;
		};
		84D6134A296F286E007865BF /* Build configuration list for PBXNativeTarget "FirestoreCrudOperationDemo" */ = {
			isa = XCConfigurationList;
			buildConfigurations = (
				84D6134B296F286E007865BF /* Debug */,
				84D6134C296F286E007865BF /* Release */,
			);
			defaultConfigurationIsVisible = 0;
			defaultConfigurationName = Release;
		};
/* End XCConfigurationList section */
	};
	rootObject = 84D6132E296F286A007865BF /* Project object */;
}
